
Microsoft Visual Studio Solution File, Format Version 12.00
# Visual Studio 15
VisualStudioVersion = 15.0.28307.421
MinimumVisualStudioVersion = 10.0.40219.1
Project("{FAE04EC0-301F-11D3-BF4B-00C04F79EFBC}") = "TestWebApp", "TestWebApp\TestWebApp.csproj", "{45BB6D17-B4A6-47A6-8783-1B0A75C43320}"
EndProject
Project("{FAE04EC0-301F-11D3-BF4B-00C04F79EFBC}") = "Alice.Common", "Alice.Common\Alice.Common.csproj", "{F02B759F-84C2-4442-9BA9-35DC593812CC}"
EndProject
Project("{FAE04EC0-301F-11D3-BF4B-00C04F79EFBC}") = "Alice.Framework", "Alice.Framework\Alice.Framework.csproj", "{68518E96-E438-4DD3-9713-FDB9967C2F72}"
EndProject
Project("{FAE04EC0-301F-11D3-BF4B-00C04F79EFBC}") = "RoomBookingLib", "RoomBookingLib\RoomBookingLib.csproj", "{080654F0-DB3D-488C-8782-461B1AC861E6}"
EndProject
Global
	GlobalSection(SolutionConfigurationPlatforms) = preSolution
		Debug|Any CPU = Debug|Any CPU
		Release|Any CPU = Release|Any CPU
	EndGlobalSection
	GlobalSection(ProjectConfigurationPlatforms) = postSolution
		{45BB6D17-B4A6-47A6-8783-1B0A75C43320}.Debug|Any CPU.ActiveCfg = Debug|Any CPU
		{45BB6D17-B4A6-47A6-8783-1B0A75C43320}.Debug|Any CPU.Build.0 = Debug|Any CPU
		{45BB6D17-B4A6-47A6-8783-1B0A75C43320}.Release|Any CPU.ActiveCfg = Release|Any CPU
		{45BB6D17-B4A6-47A6-8783-1B0A75C43320}.Release|Any CPU.Build.0 = Release|Any CPU
		{F02B759F-84C2-4442-9BA9-35DC593812CC}.Debug|Any CPU.ActiveCfg = Debug|Any CPU
		{F02B759F-84C2-4442-9BA9-35DC593812CC}.Debug|Any CPU.Build.0 = Debug|Any CPU
		{F02B759F-84C2-4442-9BA9-35DC593812CC}.Release|Any CPU.ActiveCfg = Release|Any CPU
		{F02B759F-84C2-4442-9BA9-35DC593812CC}.Release|Any CPU.Build.0 = Release|Any CPU
		{68518E96-E438-4DD3-9713-FDB9967C2F72}.Debug|Any CPU.ActiveCfg = Debug|Any CPU
		{68518E96-E438-4DD3-9713-FDB9967C2F72}.Debug|Any CPU.Build.0 = Debug|Any CPU
		{68518E96-E438-4DD3-9713-FDB9967C2F72}.Release|Any CPU.ActiveCfg = Release|Any CPU
		{68518E96-E438-4DD3-9713-FDB9967C2F72}.Release|Any CPU.Build.0 = Release|Any CPU
		{080654F0-DB3D-488C-8782-461B1AC861E6}.Debug|Any CPU.ActiveCfg = Debug|Any CPU
		{080654F0-DB3D-488C-8782-461B1AC861E6}.Debug|Any CPU.Build.0 = Debug|Any CPU
		{080654F0-DB3D-488C-8782-461B1AC861E6}.Release|Any CPU.ActiveCfg = Release|Any CPU
		{080654F0-DB3D-488C-8782-461B1AC861E6}.Release|Any CPU.Build.0 = Release|Any CPU
	EndGlobalSection
	GlobalSection(SolutionProperties) = preSolution
		HideSolutionNode = FALSE
	EndGlobalSection
	GlobalSection(ExtensibilityGlobals) = postSolution
		SolutionGuid = {E6419851-2376-4514-B6B4-32025A84ED0D}
	EndGlobalSection
EndGlobal
